
Microsoft Visual Studio Solution File, Format Version 12.00
# Visual Studio 2013
VisualStudioVersion = 12.0.21005.1
MinimumVisualStudioVersion = 10.0.40219.1
Project("{8BC9CEB8-8B4A-11D0-8D11-00A0C91BC942}") = "KeksNL", "KeksNL.vcxproj", "{ED3632BE-D9D8-5C94-C293-70E8AED4E3E4}"
EndProject
Global
	GlobalSection(SolutionConfigurationPlatforms) = preSolution
		Debug KeksFramework|Win32 = Debug KeksFramework|Win32
		Release KeksFramework|Win32 = Release KeksFramework|Win32
	EndGlobalSection
	GlobalSection(ProjectConfigurationPlatforms) = postSolution
		{ED3632BE-D9D8-5C94-C293-70E8AED4E3E4}.Debug KeksFramework|Win32.ActiveCfg = Debug KeksFramework|Win32
		{ED3632BE-D9D8-5C94-C293-70E8AED4E3E4}.Debug KeksFramework|Win32.Build.0 = Debug KeksFramework|Win32
		{ED3632BE-D9D8-5C94-C293-70E8AED4E3E4}.Release KeksFramework|Win32.ActiveCfg = Release KeksFramework|Win32
		{ED3632BE-D9D8-5C94-C293-70E8AED4E3E4}.Release KeksFramework|Win32.Build.0 = Release KeksFramework|Win32
	EndGlobalSection
	GlobalSection(SolutionProperties) = preSolution
		HideSolutionNode = FALSE
	EndGlobalSection
EndGlobal
